{
  "name": "advent-of-code-24",
  "lockfileVersion": 3,
  "requires": true,
  "packages": {
    "": {
      "dependencies": {
        "bun": "^1.0.15"
      },
      "devDependencies": {
        "@types/node": "^20.10.3",
        "bun-types": "^1.0.15"
      },
      "engines": {
        "node": ">=21.3.0"
      }
    },
    "node_modules/@oven/bun-darwin-aarch64": {
      "version": "1.0.15",
      "resolved": "https://registry.npmjs.org/@oven/bun-darwin-aarch64/-/bun-darwin-aarch64-1.0.15.tgz",
      "integrity": "sha512-MPnugvxkmsRXD9xtT4dKondHLavotQs2FagzLB8Jq7tBTUPauLPXFfQDkaoOPoXQ5ypsq8T6WdS/qYs92A1ENA==",
      "cpu": [
        "arm64"
      ],
      "optional": true,
      "os": [
        "darwin"
      ]
    },
    "node_modules/@oven/bun-darwin-x64": {
      "version": "1.0.15",
      "resolved": "https://registry.npmjs.org/@oven/bun-darwin-x64/-/bun-darwin-x64-1.0.15.tgz",
      "integrity": "sha512-oWnq1cDdOpwWOz3sOulROlKAd0NkbEW3xTqNPym/tV28X32GhyLom9WT2rAYJECRZESyk9LwEzhkpxwtJuEOGQ==",
      "cpu": [
        "x64"
      ],
      "optional": true,
      "os": [
        "darwin"
      ]
    },
    "node_modules/@oven/bun-darwin-x64-baseline": {
      "version": "1.0.15",
      "resolved": "https://registry.npmjs.org/@oven/bun-darwin-x64-baseline/-/bun-darwin-x64-baseline-1.0.15.tgz",
      "integrity": "sha512-fCk9jNPrrWiDpkPTQcfh0+88WNNr1nCNmRiaLZtPPoWi/6d6L5SbQFzNno1uCYhit6o2xgXQe4hX/rh7JOfykw==",
      "cpu": [
        "x64"
      ],
      "optional": true,
      "os": [
        "darwin"
      ]
    },
    "node_modules/@oven/bun-linux-aarch64": {
      "version": "1.0.15",
      "resolved": "https://registry.npmjs.org/@oven/bun-linux-aarch64/-/bun-linux-aarch64-1.0.15.tgz",
      "integrity": "sha512-pn91qpbT2AAiujkyRIxlr5nt08zomFezFqkdVVEjqKvzXDEBB7b2gylSqFMohhUFIcFsS9Whg1V/Nx3Z0IuSFw==",
      "cpu": [
        "arm64"
      ],
      "optional": true,
      "os": [
        "linux"
      ]
    },
    "node_modules/@oven/bun-linux-x64": {
      "version": "1.0.15",
      "resolved": "https://registry.npmjs.org/@oven/bun-linux-x64/-/bun-linux-x64-1.0.15.tgz",
      "integrity": "sha512-YfdaBDpRHYvuzgnsbrmY0me8ku/BzFOUf8rxrFAvwl7MTaePIv0rTp6Kw9Htjo8L9KADKRi1SpOe7SMN4h7v5g==",
      "cpu": [
        "x64"
      ],
      "optional": true,
      "os": [
        "linux"
      ]
    },
    "node_modules/@oven/bun-linux-x64-baseline": {
      "version": "1.0.15",
      "resolved": "https://registry.npmjs.org/@oven/bun-linux-x64-baseline/-/bun-linux-x64-baseline-1.0.15.tgz",
      "integrity": "sha512-B40Sq4eu4zeCI04VM7XTqOUdT18X9v4HRZutAqCXveksafK4/SPhYWXeWE91VxmyoceHIqKdoIkGD4lJKQOznw==",
      "cpu": [
        "x64"
      ],
      "optional": true,
      "os": [
        "linux"
      ]
    },
    "node_modules/@types/node": {
      "version": "20.10.3",
      "resolved": "https://registry.npmjs.org/@types/node/-/node-20.10.3.tgz",
      "integrity": "sha512-XJavIpZqiXID5Yxnxv3RUDKTN5b81ddNC3ecsA0SoFXz/QU8OGBwZGMomiq0zw+uuqbL/krztv/DINAQ/EV4gg==",
      "dev": true,
      "dependencies": {
        "undici-types": "~5.26.4"
      }
    },
    "node_modules/bun": {
      "version": "1.0.15",
      "resolved": "https://registry.npmjs.org/bun/-/bun-1.0.15.tgz",
      "integrity": "sha512-t88igDrfn5BzoEcg0OtrF70nkt7ZyV0MLmTMOI7f8oexYRdK3EqV+Qga+RGoThDGVSr+xctSp/izTAy70KIUkw==",
      "cpu": [
        "arm64",
        "x64"
      ],
      "hasInstallScript": true,
      "os": [
        "darwin",
        "linux"
      ],
      "bin": {
        "bun": "bin/bun",
        "bunx": "bin/bun"
      },
      "optionalDependencies": {
        "@oven/bun-darwin-aarch64": "1.0.15",
        "@oven/bun-darwin-x64": "1.0.15",
        "@oven/bun-darwin-x64-baseline": "1.0.15",
        "@oven/bun-linux-aarch64": "1.0.15",
        "@oven/bun-linux-x64": "1.0.15",
        "@oven/bun-linux-x64-baseline": "1.0.15"
      }
    },
    "node_modules/bun-types": {
      "version": "1.0.15",
      "resolved": "https://registry.npmjs.org/bun-types/-/bun-types-1.0.15.tgz",
      "integrity": "sha512-XkEvWLV1JIhcVIpf2Lu6FXnZUxRUkQVJmgY+VT7os6Tk5X1nkXx11q4Rtu6txsqpDJZfUeZXblnnD59K+6wsVA==",
      "dev": true
    },
    "node_modules/undici-types": {
      "version": "5.26.5",
      "resolved": "https://registry.npmjs.org/undici-types/-/undici-types-5.26.5.tgz",
      "integrity": "sha512-JlCMO+ehdEIKqlFxk6IfVoAUVmgz7cU7zD/h9XZ0qzeosSHmUJVOzSQvvYSYWXkFXC+IfLKSIffhv0sVZup6pA==",
      "dev": true
    }
  }
}
